
Microsoft Visual Studio Solution File, Format Version 12.00
# Visual Studio Version 17
VisualStudioVersion = 17.5.002.0
MinimumVisualStudioVersion = 10.0.40219.1
Project("{9A19103F-16F7-4668-BE54-9A1E7A4F7556}") = "Restaurants.API", "Restaurants.API.csproj", "{DADD9458-8375-49C2-81C4-9EC8DAD913E6}"
EndProject
Project("{9A19103F-16F7-4668-BE54-9A1E7A4F7556}") = "Restaurants.Application", "..\Restaurants.Application\Restaurants.Application.csproj", "{461145D1-97E1-47C8-B770-39902C72E440}"
EndProject
Project("{9A19103F-16F7-4668-BE54-9A1E7A4F7556}") = "Restaurants.Domain", "..\Restaurants.Domain\Restaurants.Domain.csproj", "{6EB4F744-854D-413D-860C-ECB58D83805A}"
EndProject
Project("{9A19103F-16F7-4668-BE54-9A1E7A4F7556}") = "Restaurants.Infrastructure", "..\Restaurants.Infrastructure\Restaurants.Infrastructure.csproj", "{834256D1-F386-4670-BD9F-C10EA195648D}"
EndProject
Project("{9A19103F-16F7-4668-BE54-9A1E7A4F7556}") = "Restaurants.Application.Tests", "..\Restaurants.Application.Tests\Restaurants.Application.Tests.csproj", "{4481740D-3278-4DE2-809F-3BA35E0D5DFD}"
EndProject
Global
	GlobalSection(SolutionConfigurationPlatforms) = preSolution
		Debug|Any CPU = Debug|Any CPU
		Release|Any CPU = Release|Any CPU
	EndGlobalSection
	GlobalSection(ProjectConfigurationPlatforms) = postSolution
		{DADD9458-8375-49C2-81C4-9EC8DAD913E6}.Debug|Any CPU.ActiveCfg = Debug|Any CPU
		{DADD9458-8375-49C2-81C4-9EC8DAD913E6}.Debug|Any CPU.Build.0 = Debug|Any CPU
		{DADD9458-8375-49C2-81C4-9EC8DAD913E6}.Release|Any CPU.ActiveCfg = Release|Any CPU
		{DADD9458-8375-49C2-81C4-9EC8DAD913E6}.Release|Any CPU.Build.0 = Release|Any CPU
		{461145D1-97E1-47C8-B770-39902C72E440}.Debug|Any CPU.ActiveCfg = Debug|Any CPU
		{461145D1-97E1-47C8-B770-39902C72E440}.Debug|Any CPU.Build.0 = Debug|Any CPU
		{461145D1-97E1-47C8-B770-39902C72E440}.Release|Any CPU.ActiveCfg = Release|Any CPU
		{461145D1-97E1-47C8-B770-39902C72E440}.Release|Any CPU.Build.0 = Release|Any CPU
		{6EB4F744-854D-413D-860C-ECB58D83805A}.Debug|Any CPU.ActiveCfg = Debug|Any CPU
		{6EB4F744-854D-413D-860C-ECB58D83805A}.Debug|Any CPU.Build.0 = Debug|Any CPU
		{6EB4F744-854D-413D-860C-ECB58D83805A}.Release|Any CPU.ActiveCfg = Release|Any CPU
		{6EB4F744-854D-413D-860C-ECB58D83805A}.Release|Any CPU.Build.0 = Release|Any CPU
		{834256D1-F386-4670-BD9F-C10EA195648D}.Debug|Any CPU.ActiveCfg = Debug|Any CPU
		{834256D1-F386-4670-BD9F-C10EA195648D}.Debug|Any CPU.Build.0 = Debug|Any CPU
		{834256D1-F386-4670-BD9F-C10EA195648D}.Release|Any CPU.ActiveCfg = Release|Any CPU
		{834256D1-F386-4670-BD9F-C10EA195648D}.Release|Any CPU.Build.0 = Release|Any CPU
		{4481740D-3278-4DE2-809F-3BA35E0D5DFD}.Debug|Any CPU.ActiveCfg = Debug|Any CPU
		{4481740D-3278-4DE2-809F-3BA35E0D5DFD}.Debug|Any CPU.Build.0 = Debug|Any CPU
		{4481740D-3278-4DE2-809F-3BA35E0D5DFD}.Release|Any CPU.ActiveCfg = Release|Any CPU
		{4481740D-3278-4DE2-809F-3BA35E0D5DFD}.Release|Any CPU.Build.0 = Release|Any CPU
	EndGlobalSection
	GlobalSection(SolutionProperties) = preSolution
		HideSolutionNode = FALSE
	EndGlobalSection
	GlobalSection(ExtensibilityGlobals) = postSolution
		SolutionGuid = {3636C122-D81F-4E16-9004-D3DED6A44944}
	EndGlobalSection
EndGlobal
